
Microsoft Visual Studio Solution File, Format Version 12.00
# Visual Studio Version 17
VisualStudioVersion = 17.2.32516.85
MinimumVisualStudioVersion = 10.0.40219.1
Project("{8BC9CEB8-8B4A-11D0-8D11-00A0C91BC942}") = "synapse-http-resolv", "synapse-http-resolv\synapse-http-resolv.vcxproj", "{F8DBB51D-04E7-462C-B0D7-5F40A66423D9}"
EndProject
Project("{8BC9CEB8-8B4A-11D0-8D11-00A0C91BC942}") = "synapse-http-connection", "synapse-http-connection\synapse-http-connection.vcxproj", "{5BE3F393-8852-4B61-AB59-90F886FE5C1A}"
EndProject
Project("{8BC9CEB8-8B4A-11D0-8D11-00A0C91BC942}") = "synapse-http-transaction", "synapse-http-transaction\synapse-http-transaction.vcxproj", "{30A6CA00-F00C-4F0B-A512-655F46B0B46A}"
EndProject
Project("{8BC9CEB8-8B4A-11D0-8D11-00A0C91BC942}") = "synapse-http-mman", "synapse-http-mman\synapse-http-mman.vcxproj", "{15949020-840C-4D69-8DED-41DF93F4BA67}"
EndProject
Project("{8BC9CEB8-8B4A-11D0-8D11-00A0C91BC942}") = "synapse-http-include", "synapse-http-include\synapse-http-include.vcxproj", "{87B0610B-6825-4C55-AE20-12C31CF75B9C}"
EndProject
Global
	GlobalSection(SolutionConfigurationPlatforms) = preSolution
		Debug|x64 = Debug|x64
		Debug|x86 = Debug|x86
		Release|x64 = Release|x64
		Release|x86 = Release|x86
	EndGlobalSection
	GlobalSection(ProjectConfigurationPlatforms) = postSolution
		{F8DBB51D-04E7-462C-B0D7-5F40A66423D9}.Debug|x64.ActiveCfg = Debug|x64
		{F8DBB51D-04E7-462C-B0D7-5F40A66423D9}.Debug|x64.Build.0 = Debug|x64
		{F8DBB51D-04E7-462C-B0D7-5F40A66423D9}.Debug|x86.ActiveCfg = Debug|Win32
		{F8DBB51D-04E7-462C-B0D7-5F40A66423D9}.Debug|x86.Build.0 = Debug|Win32
		{F8DBB51D-04E7-462C-B0D7-5F40A66423D9}.Release|x64.ActiveCfg = Release|x64
		{F8DBB51D-04E7-462C-B0D7-5F40A66423D9}.Release|x64.Build.0 = Release|x64
		{F8DBB51D-04E7-462C-B0D7-5F40A66423D9}.Release|x86.ActiveCfg = Release|Win32
		{F8DBB51D-04E7-462C-B0D7-5F40A66423D9}.Release|x86.Build.0 = Release|Win32
		{5BE3F393-8852-4B61-AB59-90F886FE5C1A}.Debug|x64.ActiveCfg = Debug|x64
		{5BE3F393-8852-4B61-AB59-90F886FE5C1A}.Debug|x64.Build.0 = Debug|x64
		{5BE3F393-8852-4B61-AB59-90F886FE5C1A}.Debug|x86.ActiveCfg = Debug|Win32
		{5BE3F393-8852-4B61-AB59-90F886FE5C1A}.Debug|x86.Build.0 = Debug|Win32
		{5BE3F393-8852-4B61-AB59-90F886FE5C1A}.Release|x64.ActiveCfg = Release|x64
		{5BE3F393-8852-4B61-AB59-90F886FE5C1A}.Release|x64.Build.0 = Release|x64
		{5BE3F393-8852-4B61-AB59-90F886FE5C1A}.Release|x86.ActiveCfg = Release|Win32
		{5BE3F393-8852-4B61-AB59-90F886FE5C1A}.Release|x86.Build.0 = Release|Win32
		{30A6CA00-F00C-4F0B-A512-655F46B0B46A}.Debug|x64.ActiveCfg = Debug|x64
		{30A6CA00-F00C-4F0B-A512-655F46B0B46A}.Debug|x64.Build.0 = Debug|x64
		{30A6CA00-F00C-4F0B-A512-655F46B0B46A}.Debug|x86.ActiveCfg = Debug|Win32
		{30A6CA00-F00C-4F0B-A512-655F46B0B46A}.Debug|x86.Build.0 = Debug|Win32
		{30A6CA00-F00C-4F0B-A512-655F46B0B46A}.Release|x64.ActiveCfg = Release|x64
		{30A6CA00-F00C-4F0B-A512-655F46B0B46A}.Release|x64.Build.0 = Release|x64
		{30A6CA00-F00C-4F0B-A512-655F46B0B46A}.Release|x86.ActiveCfg = Release|Win32
		{30A6CA00-F00C-4F0B-A512-655F46B0B46A}.Release|x86.Build.0 = Release|Win32
		{15949020-840C-4D69-8DED-41DF93F4BA67}.Debug|x64.ActiveCfg = Debug|x64
		{15949020-840C-4D69-8DED-41DF93F4BA67}.Debug|x64.Build.0 = Debug|x64
		{15949020-840C-4D69-8DED-41DF93F4BA67}.Debug|x86.ActiveCfg = Debug|Win32
		{15949020-840C-4D69-8DED-41DF93F4BA67}.Debug|x86.Build.0 = Debug|Win32
		{15949020-840C-4D69-8DED-41DF93F4BA67}.Release|x64.ActiveCfg = Release|x64
		{15949020-840C-4D69-8DED-41DF93F4BA67}.Release|x64.Build.0 = Release|x64
		{15949020-840C-4D69-8DED-41DF93F4BA67}.Release|x86.ActiveCfg = Release|Win32
		{15949020-840C-4D69-8DED-41DF93F4BA67}.Release|x86.Build.0 = Release|Win32
		{87B0610B-6825-4C55-AE20-12C31CF75B9C}.Debug|x64.ActiveCfg = Debug|x64
		{87B0610B-6825-4C55-AE20-12C31CF75B9C}.Debug|x64.Build.0 = Debug|x64
		{87B0610B-6825-4C55-AE20-12C31CF75B9C}.Debug|x86.ActiveCfg = Debug|Win32
		{87B0610B-6825-4C55-AE20-12C31CF75B9C}.Debug|x86.Build.0 = Debug|Win32
		{87B0610B-6825-4C55-AE20-12C31CF75B9C}.Release|x64.ActiveCfg = Release|x64
		{87B0610B-6825-4C55-AE20-12C31CF75B9C}.Release|x64.Build.0 = Release|x64
		{87B0610B-6825-4C55-AE20-12C31CF75B9C}.Release|x86.ActiveCfg = Release|Win32
		{87B0610B-6825-4C55-AE20-12C31CF75B9C}.Release|x86.Build.0 = Release|Win32
	EndGlobalSection
	GlobalSection(SolutionProperties) = preSolution
		HideSolutionNode = FALSE
	EndGlobalSection
	GlobalSection(ExtensibilityGlobals) = postSolution
		SolutionGuid = {F32CBB63-2C02-4FC3-A354-0CCFF22BC278}
	EndGlobalSection
EndGlobal
